
Microsoft Visual Studio Solution File, Format Version 12.00
# Visual Studio Version 16
VisualStudioVersion = 16.0.33529.622
MinimumVisualStudioVersion = 10.0.40219.1
Project("{FAE04EC0-301F-11D3-BF4B-00C04F79EFBC}") = "13-Roman-to-integer", "13-Roman-to-integer.csproj", "{E48C4873-4E0A-4D15-B819-78D80ADE96BB}"
EndProject
Global
	GlobalSection(SolutionConfigurationPlatforms) = preSolution
		Debug|Any CPU = Debug|Any CPU
		Release|Any CPU = Release|Any CPU
	EndGlobalSection
	GlobalSection(ProjectConfigurationPlatforms) = postSolution
		{E48C4873-4E0A-4D15-B819-78D80ADE96BB}.Debug|Any CPU.ActiveCfg = Debug|Any CPU
		{E48C4873-4E0A-4D15-B819-78D80ADE96BB}.Debug|Any CPU.Build.0 = Debug|Any CPU
		{E48C4873-4E0A-4D15-B819-78D80ADE96BB}.Release|Any CPU.ActiveCfg = Release|Any CPU
		{E48C4873-4E0A-4D15-B819-78D80ADE96BB}.Release|Any CPU.Build.0 = Release|Any CPU
	EndGlobalSection
	GlobalSection(SolutionProperties) = preSolution
		HideSolutionNode = FALSE
	EndGlobalSection
	GlobalSection(ExtensibilityGlobals) = postSolution
		SolutionGuid = {B7871262-FEA6-49A8-BE7D-38F559675884}
	EndGlobalSection
EndGlobal
